
Microsoft Visual Studio Solution File, Format Version 12.00
# Visual Studio Version 16
VisualStudioVersion = 16.0.29613.14
MinimumVisualStudioVersion = 10.0.40219.1
Project("{8BC9CEB8-8B4A-11D0-8D11-00A0C91BC942}") = "MockExam", "MockExam\MockExam.vcxproj", "{084BB53F-3B22-4ECA-AB17-A6972B0130FD}"
EndProject
Global
	GlobalSection(SolutionConfigurationPlatforms) = preSolution
		Debug|x64 = Debug|x64
		Debug|x86 = Debug|x86
		Release|x64 = Release|x64
		Release|x86 = Release|x86
	EndGlobalSection
	GlobalSection(ProjectConfigurationPlatforms) = postSolution
		{084BB53F-3B22-4ECA-AB17-A6972B0130FD}.Debug|x64.ActiveCfg = Debug|x64
		{084BB53F-3B22-4ECA-AB17-A6972B0130FD}.Debug|x64.Build.0 = Debug|x64
		{084BB53F-3B22-4ECA-AB17-A6972B0130FD}.Debug|x86.ActiveCfg = Debug|Win32
		{084BB53F-3B22-4ECA-AB17-A6972B0130FD}.Debug|x86.Build.0 = Debug|Win32
		{084BB53F-3B22-4ECA-AB17-A6972B0130FD}.Release|x64.ActiveCfg = Release|x64
		{084BB53F-3B22-4ECA-AB17-A6972B0130FD}.Release|x64.Build.0 = Release|x64
		{084BB53F-3B22-4ECA-AB17-A6972B0130FD}.Release|x86.ActiveCfg = Release|Win32
		{084BB53F-3B22-4ECA-AB17-A6972B0130FD}.Release|x86.Build.0 = Release|Win32
	EndGlobalSection
	GlobalSection(SolutionProperties) = preSolution
		HideSolutionNode = FALSE
	EndGlobalSection
	GlobalSection(ExtensibilityGlobals) = postSolution
		SolutionGuid = {64A4D169-5975-42BA-88D5-C6727B0F66A0}
	EndGlobalSection
EndGlobal
